# Template for development image digests (generated by scripts/registry/build-images.py)
DEV_INGEST_IMAGE=ghcr.io/ttrpg-center/ingest:dev-placeholder@sha256:0000000000000000000000000000000000000000000000000000000000000000
DEV_PIPELINE_WORKER_IMAGE=ghcr.io/ttrpg-center/pipeline-worker:dev-placeholder@sha256:0000000000000000000000000000000000000000000000000000000000000000
DEV_ORCHESTRATOR_IMAGE=ghcr.io/ttrpg-center/orchestrator:dev-placeholder@sha256:0000000000000000000000000000000000000000000000000000000000000000
DEV_ADMIN_API_IMAGE=ghcr.io/ttrpg-center/admin-api:dev-placeholder@sha256:0000000000000000000000000000000000000000000000000000000000000000
DEV_USER_API_IMAGE=ghcr.io/ttrpg-center/user-api:dev-placeholder@sha256:0000000000000000000000000000000000000000000000000000000000000000
DEV_SOURCE_MANAGEMENT_IMAGE=ghcr.io/ttrpg-center/source-management:dev-placeholder@sha256:0000000000000000000000000000000000000000000000000000000000000000
DEV_ADMIN_UI_IMAGE=ghcr.io/ttrpg-center/admin-ui:dev-placeholder@sha256:0000000000000000000000000000000000000000000000000000000000000000
DEV_USER_UI_IMAGE=ghcr.io/ttrpg-center/user-ui:dev-placeholder@sha256:0000000000000000000000000000000000000000000000000000000000000000
DEV_APP_IMAGE=ghcr.io/ttrpg-center/app:dev-placeholder@sha256:0000000000000000000000000000000000000000000000000000000000000000
DEV_TEST_RUNNER_IMAGE=ghcr.io/ttrpg-center/test-runner:dev-placeholder@sha256:0000000000000000000000000000000000000000000000000000000000000000
