# Template for production image digests (generated by scripts/registry/build-images.py)
PROD_INGEST_IMAGE=ghcr.io/ttrpg-center/ingest:prod-placeholder@sha256:0000000000000000000000000000000000000000000000000000000000000000
PROD_ORCHESTRATOR_IMAGE=ghcr.io/ttrpg-center/orchestrator:prod-placeholder@sha256:0000000000000000000000000000000000000000000000000000000000000000
PROD_ADMIN_API_IMAGE=ghcr.io/ttrpg-center/admin-api:prod-placeholder@sha256:0000000000000000000000000000000000000000000000000000000000000000
PROD_USER_API_IMAGE=ghcr.io/ttrpg-center/user-api:prod-placeholder@sha256:0000000000000000000000000000000000000000000000000000000000000000
PROD_APP_IMAGE=ghcr.io/ttrpg-center/app:prod-placeholder@sha256:0000000000000000000000000000000000000000000000000000000000000000
