# Template for test image digests (generated by scripts/registry/build-images.py)
TEST_INGEST_IMAGE=ghcr.io/ttrpg-center/ingest:test-placeholder@sha256:0000000000000000000000000000000000000000000000000000000000000000
TEST_ORCHESTRATOR_IMAGE=ghcr.io/ttrpg-center/orchestrator:test-placeholder@sha256:0000000000000000000000000000000000000000000000000000000000000000
TEST_ADMIN_API_IMAGE=ghcr.io/ttrpg-center/admin-api:test-placeholder@sha256:0000000000000000000000000000000000000000000000000000000000000000
TEST_USER_API_IMAGE=ghcr.io/ttrpg-center/user-api:test-placeholder@sha256:0000000000000000000000000000000000000000000000000000000000000000
TEST_APP_IMAGE=ghcr.io/ttrpg-center/app:test-placeholder@sha256:0000000000000000000000000000000000000000000000000000000000000000
TEST_TEST_RUNNER_IMAGE=ghcr.io/ttrpg-center/test-runner:test-placeholder@sha256:0000000000000000000000000000000000000000000000000000000000000000
TEST_TEST_CONSOLE_API_IMAGE=ghcr.io/ttrpg-center/test-console:test-placeholder@sha256:0000000000000000000000000000000000000000000000000000000000000000
